
Microsoft Visual Studio Solution File, Format Version 12.00
# Visual Studio Version 17
VisualStudioVersion = 17.11.35312.102
MinimumVisualStudioVersion = 10.0.40219.1
Project("{9A19103F-16F7-4668-BE54-9A1E7A4F7556}") = "CI_1_SwitchCase_TryParse", "CI_1_SwitchCase_TryParse\CI_1_SwitchCase_TryParse.csproj", "{42AADD2B-A679-4802-BE34-75A78899473D}"
EndProject
Project("{9A19103F-16F7-4668-BE54-9A1E7A4F7556}") = "CI_2_IfElse_TryParse", "CI_2_IfElse_TryParse\CI_2_IfElse_TryParse.csproj", "{587CA292-4F7A-4B52-90A7-8884D724B3DF}"
EndProject
Project("{9A19103F-16F7-4668-BE54-9A1E7A4F7556}") = "CI_1_SwitchCase_Parse", "CI_1_SwitchCase_Parse\CI_1_SwitchCase_Parse.csproj", "{CC135DC3-5413-4846-BD9A-12B28E112604}"
EndProject
Project("{9A19103F-16F7-4668-BE54-9A1E7A4F7556}") = "CI_2_IfElse_Parse", "CI_2_IfElse_Parse\CI_2_IfElse_Parse.csproj", "{6DDC9422-A5F3-427E-BFF5-A13DCA48AF4D}"
EndProject
Project("{FAE04EC0-301F-11D3-BF4B-00C04F79EFBC}") = "CI_2_IfElse_Fuctions", "CI_2_IfElse_Fuctions\CI_2_IfElse_Fuctions.csproj", "{AD304258-40FF-4AC8-B496-9171092AE660}"
EndProject
Global
	GlobalSection(SolutionConfigurationPlatforms) = preSolution
		Debug|Any CPU = Debug|Any CPU
		Release|Any CPU = Release|Any CPU
	EndGlobalSection
	GlobalSection(ProjectConfigurationPlatforms) = postSolution
		{42AADD2B-A679-4802-BE34-75A78899473D}.Debug|Any CPU.ActiveCfg = Debug|Any CPU
		{42AADD2B-A679-4802-BE34-75A78899473D}.Debug|Any CPU.Build.0 = Debug|Any CPU
		{42AADD2B-A679-4802-BE34-75A78899473D}.Release|Any CPU.ActiveCfg = Release|Any CPU
		{42AADD2B-A679-4802-BE34-75A78899473D}.Release|Any CPU.Build.0 = Release|Any CPU
		{587CA292-4F7A-4B52-90A7-8884D724B3DF}.Debug|Any CPU.ActiveCfg = Debug|Any CPU
		{587CA292-4F7A-4B52-90A7-8884D724B3DF}.Debug|Any CPU.Build.0 = Debug|Any CPU
		{587CA292-4F7A-4B52-90A7-8884D724B3DF}.Release|Any CPU.ActiveCfg = Release|Any CPU
		{587CA292-4F7A-4B52-90A7-8884D724B3DF}.Release|Any CPU.Build.0 = Release|Any CPU
		{CC135DC3-5413-4846-BD9A-12B28E112604}.Debug|Any CPU.ActiveCfg = Debug|Any CPU
		{CC135DC3-5413-4846-BD9A-12B28E112604}.Debug|Any CPU.Build.0 = Debug|Any CPU
		{CC135DC3-5413-4846-BD9A-12B28E112604}.Release|Any CPU.ActiveCfg = Release|Any CPU
		{CC135DC3-5413-4846-BD9A-12B28E112604}.Release|Any CPU.Build.0 = Release|Any CPU
		{6DDC9422-A5F3-427E-BFF5-A13DCA48AF4D}.Debug|Any CPU.ActiveCfg = Debug|Any CPU
		{6DDC9422-A5F3-427E-BFF5-A13DCA48AF4D}.Debug|Any CPU.Build.0 = Debug|Any CPU
		{6DDC9422-A5F3-427E-BFF5-A13DCA48AF4D}.Release|Any CPU.ActiveCfg = Release|Any CPU
		{6DDC9422-A5F3-427E-BFF5-A13DCA48AF4D}.Release|Any CPU.Build.0 = Release|Any CPU
		{AD304258-40FF-4AC8-B496-9171092AE660}.Debug|Any CPU.ActiveCfg = Debug|Any CPU
		{AD304258-40FF-4AC8-B496-9171092AE660}.Debug|Any CPU.Build.0 = Debug|Any CPU
		{AD304258-40FF-4AC8-B496-9171092AE660}.Release|Any CPU.ActiveCfg = Release|Any CPU
		{AD304258-40FF-4AC8-B496-9171092AE660}.Release|Any CPU.Build.0 = Release|Any CPU
	EndGlobalSection
	GlobalSection(SolutionProperties) = preSolution
		HideSolutionNode = FALSE
	EndGlobalSection
	GlobalSection(ExtensibilityGlobals) = postSolution
		SolutionGuid = {DF9C0B6F-0524-471E-8998-7611E1916B27}
	EndGlobalSection
EndGlobal
